
Microsoft Visual Studio Solution File, Format Version 12.00
# Visual Studio Version 17
VisualStudioVersion = 17.2.32505.173
MinimumVisualStudioVersion = 10.0.40219.1
Project("{FAE04EC0-301F-11D3-BF4B-00C04F79EFBC}") = "StokSayim.Web", "StokSayim.Web\StokSayim.Web.csproj", "{A780336B-CA5D-4F54-B9A9-C2A163766EDE}"
EndProject
Project("{FAE04EC0-301F-11D3-BF4B-00C04F79EFBC}") = "StokSayim.Core", "StokSayim.Core\StokSayim.Core.csproj", "{6F2D7050-9D1A-4EBB-9EC1-1F413250DCC3}"
EndProject
Project("{FAE04EC0-301F-11D3-BF4B-00C04F79EFBC}") = "StokSayim.Repository", "StokSayim.Repository\StokSayim.Repository.csproj", "{7C391B1A-E1D0-483D-851B-BAA2F81F8CCA}"
EndProject
Project("{FAE04EC0-301F-11D3-BF4B-00C04F79EFBC}") = "StokSayim.Service", "StokSayim.Service\StokSayim.Service.csproj", "{A5959BE0-44C2-4888-8290-76BAC5E7DF63}"
EndProject
Project("{FAE04EC0-301F-11D3-BF4B-00C04F79EFBC}") = "StokSayim.SecService", "StokSayim.SecService\StokSayim.SecService.csproj", "{D81E1E89-1CDF-4DB6-B1CB-2AEB14F566FB}"
EndProject
Global
	GlobalSection(SolutionConfigurationPlatforms) = preSolution
		Debug|Any CPU = Debug|Any CPU
		Release|Any CPU = Release|Any CPU
	EndGlobalSection
	GlobalSection(ProjectConfigurationPlatforms) = postSolution
		{A780336B-CA5D-4F54-B9A9-C2A163766EDE}.Debug|Any CPU.ActiveCfg = Debug|Any CPU
		{A780336B-CA5D-4F54-B9A9-C2A163766EDE}.Debug|Any CPU.Build.0 = Debug|Any CPU
		{A780336B-CA5D-4F54-B9A9-C2A163766EDE}.Release|Any CPU.ActiveCfg = Release|Any CPU
		{A780336B-CA5D-4F54-B9A9-C2A163766EDE}.Release|Any CPU.Build.0 = Release|Any CPU
		{6F2D7050-9D1A-4EBB-9EC1-1F413250DCC3}.Debug|Any CPU.ActiveCfg = Debug|Any CPU
		{6F2D7050-9D1A-4EBB-9EC1-1F413250DCC3}.Debug|Any CPU.Build.0 = Debug|Any CPU
		{6F2D7050-9D1A-4EBB-9EC1-1F413250DCC3}.Release|Any CPU.ActiveCfg = Release|Any CPU
		{6F2D7050-9D1A-4EBB-9EC1-1F413250DCC3}.Release|Any CPU.Build.0 = Release|Any CPU
		{7C391B1A-E1D0-483D-851B-BAA2F81F8CCA}.Debug|Any CPU.ActiveCfg = Debug|Any CPU
		{7C391B1A-E1D0-483D-851B-BAA2F81F8CCA}.Debug|Any CPU.Build.0 = Debug|Any CPU
		{7C391B1A-E1D0-483D-851B-BAA2F81F8CCA}.Release|Any CPU.ActiveCfg = Release|Any CPU
		{7C391B1A-E1D0-483D-851B-BAA2F81F8CCA}.Release|Any CPU.Build.0 = Release|Any CPU
		{A5959BE0-44C2-4888-8290-76BAC5E7DF63}.Debug|Any CPU.ActiveCfg = Debug|Any CPU
		{A5959BE0-44C2-4888-8290-76BAC5E7DF63}.Debug|Any CPU.Build.0 = Debug|Any CPU
		{A5959BE0-44C2-4888-8290-76BAC5E7DF63}.Release|Any CPU.ActiveCfg = Release|Any CPU
		{A5959BE0-44C2-4888-8290-76BAC5E7DF63}.Release|Any CPU.Build.0 = Release|Any CPU
		{D81E1E89-1CDF-4DB6-B1CB-2AEB14F566FB}.Debug|Any CPU.ActiveCfg = Debug|Any CPU
		{D81E1E89-1CDF-4DB6-B1CB-2AEB14F566FB}.Debug|Any CPU.Build.0 = Debug|Any CPU
		{D81E1E89-1CDF-4DB6-B1CB-2AEB14F566FB}.Release|Any CPU.ActiveCfg = Release|Any CPU
		{D81E1E89-1CDF-4DB6-B1CB-2AEB14F566FB}.Release|Any CPU.Build.0 = Release|Any CPU
	EndGlobalSection
	GlobalSection(SolutionProperties) = preSolution
		HideSolutionNode = FALSE
	EndGlobalSection
	GlobalSection(ExtensibilityGlobals) = postSolution
		SolutionGuid = {DAE0C3C6-0A3D-4D07-B6F4-B897E33C45C5}
	EndGlobalSection
EndGlobal
